
Microsoft Visual Studio Solution File, Format Version 12.00
Project("{FAE04EC0-301F-11D3-BF4B-00C04F79EFBC}") = "WebApi", "WebApi\WebApi.csproj", "{262F69FC-FCFA-424D-A2D3-D5FB40C12309}"
EndProject
Global
	GlobalSection(SolutionConfigurationPlatforms) = preSolution
		Debug|Any CPU = Debug|Any CPU
		Release|Any CPU = Release|Any CPU
	EndGlobalSection
	GlobalSection(ProjectConfigurationPlatforms) = postSolution
		{262F69FC-FCFA-424D-A2D3-D5FB40C12309}.Debug|Any CPU.ActiveCfg = Debug|Any CPU
		{262F69FC-FCFA-424D-A2D3-D5FB40C12309}.Debug|Any CPU.Build.0 = Debug|Any CPU
		{262F69FC-FCFA-424D-A2D3-D5FB40C12309}.Release|Any CPU.ActiveCfg = Release|Any CPU
		{262F69FC-FCFA-424D-A2D3-D5FB40C12309}.Release|Any CPU.Build.0 = Release|Any CPU
	EndGlobalSection
EndGlobal
