
Microsoft Visual Studio Solution File, Format Version 12.00
Project("{FAE04EC0-301F-11D3-BF4B-00C04F79EFBC}") = "WebApi", "WebApi\WebApi.csproj", "{262F69FC-FCFA-424D-A2D3-D5FB40C12309}"
EndProject
Project("{FAE04EC0-301F-11D3-BF4B-00C04F79EFBC}") = "WebApiTests", "WebApiTests\WebApiTests.csproj", "{A84B8ACE-360E-4232-998A-B09B11F693DC}"
EndProject
Project("{2150E333-8FDC-42A3-9474-1A3956D46DE8}") = "Scripts", "Scripts", "{14F04E96-462E-4018-9627-B1836EFC2967}"
	ProjectSection(SolutionItems) = preProject
		deploy.sh = deploy.sh
	EndProjectSection
EndProject
Project("{FAE04EC0-301F-11D3-BF4B-00C04F79EFBC}") = "OverpassClient", "OverpassClient\OverpassClient.csproj", "{3544CDA7-E680-4DB3-9F5E-BE4014F43DDB}"
EndProject
Global
	GlobalSection(SolutionConfigurationPlatforms) = preSolution
		Debug|Any CPU = Debug|Any CPU
		Release|Any CPU = Release|Any CPU
	EndGlobalSection
	GlobalSection(ProjectConfigurationPlatforms) = postSolution
		{262F69FC-FCFA-424D-A2D3-D5FB40C12309}.Debug|Any CPU.ActiveCfg = Debug|Any CPU
		{262F69FC-FCFA-424D-A2D3-D5FB40C12309}.Debug|Any CPU.Build.0 = Debug|Any CPU
		{262F69FC-FCFA-424D-A2D3-D5FB40C12309}.Release|Any CPU.ActiveCfg = Release|Any CPU
		{262F69FC-FCFA-424D-A2D3-D5FB40C12309}.Release|Any CPU.Build.0 = Release|Any CPU
		{A84B8ACE-360E-4232-998A-B09B11F693DC}.Debug|Any CPU.ActiveCfg = Debug|Any CPU
		{A84B8ACE-360E-4232-998A-B09B11F693DC}.Debug|Any CPU.Build.0 = Debug|Any CPU
		{A84B8ACE-360E-4232-998A-B09B11F693DC}.Release|Any CPU.ActiveCfg = Release|Any CPU
		{A84B8ACE-360E-4232-998A-B09B11F693DC}.Release|Any CPU.Build.0 = Release|Any CPU
		{3544CDA7-E680-4DB3-9F5E-BE4014F43DDB}.Debug|Any CPU.ActiveCfg = Debug|Any CPU
		{3544CDA7-E680-4DB3-9F5E-BE4014F43DDB}.Debug|Any CPU.Build.0 = Debug|Any CPU
		{3544CDA7-E680-4DB3-9F5E-BE4014F43DDB}.Release|Any CPU.ActiveCfg = Release|Any CPU
		{3544CDA7-E680-4DB3-9F5E-BE4014F43DDB}.Release|Any CPU.Build.0 = Release|Any CPU
	EndGlobalSection
EndGlobal
